
Microsoft Visual Studio Solution File, Format Version 12.00
# Visual Studio Version 17
VisualStudioVersion = 17.10.35122.118
MinimumVisualStudioVersion = 10.0.40219.1
Project("{FAE04EC0-301F-11D3-BF4B-00C04F79EFBC}") = "WebApiPro", "WebApiPro\WebApiPro.csproj", "{6FD64F8F-056C-40BA-9794-9D65A1F08667}"
EndProject
Global
	GlobalSection(SolutionConfigurationPlatforms) = preSolution
		Debug|Any CPU = Debug|Any CPU
		Release|Any CPU = Release|Any CPU
	EndGlobalSection
	GlobalSection(ProjectConfigurationPlatforms) = postSolution
		{6FD64F8F-056C-40BA-9794-9D65A1F08667}.Debug|Any CPU.ActiveCfg = Debug|Any CPU
		{6FD64F8F-056C-40BA-9794-9D65A1F08667}.Debug|Any CPU.Build.0 = Debug|Any CPU
		{6FD64F8F-056C-40BA-9794-9D65A1F08667}.Release|Any CPU.ActiveCfg = Release|Any CPU
		{6FD64F8F-056C-40BA-9794-9D65A1F08667}.Release|Any CPU.Build.0 = Release|Any CPU
	EndGlobalSection
	GlobalSection(SolutionProperties) = preSolution
		HideSolutionNode = FALSE
	EndGlobalSection
	GlobalSection(ExtensibilityGlobals) = postSolution
		SolutionGuid = {4226A257-6CC6-403C-84D6-FB5CFC4B6101}
	EndGlobalSection
EndGlobal
